
Microsoft Visual Studio Solution File, Format Version 12.00
# Visual Studio Version 16
VisualStudioVersion = 16.0.31911.196
MinimumVisualStudioVersion = 10.0.40219.1
Project("{FAE04EC0-301F-11D3-BF4B-00C04F79EFBC}") = "Sistema de votação de lideres da sala", "Sistema de votação de lideres da sala.csproj", "{09888A07-D5DC-467C-9FF0-147E7FF59894}"
EndProject
Global
	GlobalSection(SolutionConfigurationPlatforms) = preSolution
		Debug|Any CPU = Debug|Any CPU
		Release|Any CPU = Release|Any CPU
	EndGlobalSection
	GlobalSection(ProjectConfigurationPlatforms) = postSolution
		{09888A07-D5DC-467C-9FF0-147E7FF59894}.Debug|Any CPU.ActiveCfg = Debug|Any CPU
		{09888A07-D5DC-467C-9FF0-147E7FF59894}.Debug|Any CPU.Build.0 = Debug|Any CPU
		{09888A07-D5DC-467C-9FF0-147E7FF59894}.Release|Any CPU.ActiveCfg = Release|Any CPU
		{09888A07-D5DC-467C-9FF0-147E7FF59894}.Release|Any CPU.Build.0 = Release|Any CPU
	EndGlobalSection
	GlobalSection(SolutionProperties) = preSolution
		HideSolutionNode = FALSE
	EndGlobalSection
	GlobalSection(ExtensibilityGlobals) = postSolution
		SolutionGuid = {23316243-12D7-4BE6-911A-8C6F863A2772}
	EndGlobalSection
EndGlobal
